// !$*UTF8*$!
{
	archiveVersion = 1;
	classes = {
	};
	objectVersion = 77;
	objects = {

/* Begin PBXBuildFile section */
		2D119896C52E42CBE4482A87 /* Pods_Privacy_Fortress.framework in Frameworks */ = {isa = PBXBuildFile; fileRef = 247983106F7D1F06FAB3092B /* Pods_Privacy_Fortress.framework */; };
		A9579DA72D71B83D00957869 /* SwiftKeychainWrapper in Frameworks */ = {isa = PBXBuildFile; productRef = A9579DA62D71B83D00957869 /* SwiftKeychainWrapper */; };
		A9AEF6402D79384D008455E9 /* StoreKit.framework in Frameworks */ = {isa = PBXBuildFile; fileRef = A9AEF63F2D79384D008455E9 /* StoreKit.framework */; };
		A9DB1C922D801FD000F583CA /* PrivacyFortressContentBlocker.appex in Embed Foundation Extensions */ = {isa = PBXBuildFile; fileRef = A9DB1C892D801FD000F583CA /* PrivacyFortressContentBlocker.appex */; settings = {ATTRIBUTES = (RemoveHeadersOnCopy, ); }; };
/* End PBXBuildFile section */

/* Begin PBXContainerItemProxy section */
		A9DB1C902D801FD000F583CA /* PBXContainerItemProxy */ = {
			isa = PBXContainerItemProxy;
			containerPortal = A97BEB012D66C87700D14E08 /* Project object */;
			proxyType = 1;
			remoteGlobalIDString = A9DB1C882D801FD000F583CA;
			remoteInfo = PrivacyFortressContentBlocker;
		};
/* End PBXContainerItemProxy section */

/* Begin PBXCopyFilesBuildPhase section */
		A9D58C632D6822BD009089F6 /* Embed Foundation Extensions */ = {
			isa = PBXCopyFilesBuildPhase;
			buildActionMask = 12;
			dstPath = "";
			dstSubfolderSpec = 13;
			files = (
				A9DB1C922D801FD000F583CA /* PrivacyFortressContentBlocker.appex in Embed Foundation Extensions */,
			);
			name = "Embed Foundation Extensions";
			runOnlyForDeploymentPostprocessing = 0;
		};
/* End PBXCopyFilesBuildPhase section */

/* Begin PBXFileReference section */
		071C6A0E75B2E22FEEEE06E7 /* Pods-Privacy Fortress.release.xcconfig */ = {isa = PBXFileReference; includeInIndex = 1; lastKnownFileType = text.xcconfig; name = "Pods-Privacy Fortress.release.xcconfig"; path = "Target Support Files/Pods-Privacy Fortress/Pods-Privacy Fortress.release.xcconfig"; sourceTree = "<group>"; };
		247983106F7D1F06FAB3092B /* Pods_Privacy_Fortress.framework */ = {isa = PBXFileReference; explicitFileType = wrapper.framework; includeInIndex = 0; path = Pods_Privacy_Fortress.framework; sourceTree = BUILT_PRODUCTS_DIR; };
		3770613DA959D7C00F8E87EC /* Pods-PrivacyFortressContentBlocker.debug.xcconfig */ = {isa = PBXFileReference; includeInIndex = 1; lastKnownFileType = text.xcconfig; name = "Pods-PrivacyFortressContentBlocker.debug.xcconfig"; path = "Target Support Files/Pods-PrivacyFortressContentBlocker/Pods-PrivacyFortressContentBlocker.debug.xcconfig"; sourceTree = "<group>"; };
		927FC37EB6705739A0B9BCC7 /* Pods-Privacy Fortress.debug.xcconfig */ = {isa = PBXFileReference; includeInIndex = 1; lastKnownFileType = text.xcconfig; name = "Pods-Privacy Fortress.debug.xcconfig"; path = "Target Support Files/Pods-Privacy Fortress/Pods-Privacy Fortress.debug.xcconfig"; sourceTree = "<group>"; };
		A3FCA3DB2CCE37D207A92958 /* Pods-PrivacyFortressContentBlocker.release.xcconfig */ = {isa = PBXFileReference; includeInIndex = 1; lastKnownFileType = text.xcconfig; name = "Pods-PrivacyFortressContentBlocker.release.xcconfig"; path = "Target Support Files/Pods-PrivacyFortressContentBlocker/Pods-PrivacyFortressContentBlocker.release.xcconfig"; sourceTree = "<group>"; };
		A97BEB092D66C87700D14E08 /* Privacy Fortress.app */ = {isa = PBXFileReference; explicitFileType = wrapper.application; includeInIndex = 0; path = "Privacy Fortress.app"; sourceTree = BUILT_PRODUCTS_DIR; };
		A9AEF63F2D79384D008455E9 /* StoreKit.framework */ = {isa = PBXFileReference; lastKnownFileType = wrapper.framework; name = StoreKit.framework; path = System/Library/Frameworks/StoreKit.framework; sourceTree = SDKROOT; };
		A9C08FE92D701AEB0077FAF0 /* HaveIBeenPwned.framework */ = {isa = PBXFileReference; explicitFileType = wrapper.framework; path = HaveIBeenPwned.framework; sourceTree = BUILT_PRODUCTS_DIR; };
		A9DB1C892D801FD000F583CA /* PrivacyFortressContentBlocker.appex */ = {isa = PBXFileReference; explicitFileType = "wrapper.app-extension"; includeInIndex = 0; path = PrivacyFortressContentBlocker.appex; sourceTree = BUILT_PRODUCTS_DIR; };
		CEEE993E9D681FDBB2364147 /* Pods_PrivacyFortressContentBlocker.framework */ = {isa = PBXFileReference; explicitFileType = wrapper.framework; includeInIndex = 0; path = Pods_PrivacyFortressContentBlocker.framework; sourceTree = BUILT_PRODUCTS_DIR; };
/* End PBXFileReference section */

/* Begin PBXFileSystemSynchronizedBuildFileExceptionSet section */
		A9DB1C932D801FD000F583CA /* Exceptions for "PrivacyFortressContentBlocker" folder in "PrivacyFortressContentBlocker" target */ = {
			isa = PBXFileSystemSynchronizedBuildFileExceptionSet;
			membershipExceptions = (
				Info.plist,
			);
			target = A9DB1C882D801FD000F583CA /* PrivacyFortressContentBlocker */;
		};
/* End PBXFileSystemSynchronizedBuildFileExceptionSet section */

/* Begin PBXFileSystemSynchronizedRootGroup section */
		A97BEB0B2D66C87700D14E08 /* Privacy Fortress */ = {
			isa = PBXFileSystemSynchronizedRootGroup;
			path = "Privacy Fortress";
			sourceTree = "<group>";
		};
		A9DB1C8A2D801FD000F583CA /* PrivacyFortressContentBlocker */ = {
			isa = PBXFileSystemSynchronizedRootGroup;
			exceptions = (
				A9DB1C932D801FD000F583CA /* Exceptions for "PrivacyFortressContentBlocker" folder in "PrivacyFortressContentBlocker" target */,
			);
			path = PrivacyFortressContentBlocker;
			sourceTree = "<group>";
		};
/* End PBXFileSystemSynchronizedRootGroup section */

/* Begin PBXFrameworksBuildPhase section */
		A97BEB062D66C87700D14E08 /* Frameworks */ = {
			isa = PBXFrameworksBuildPhase;
			buildActionMask = 2147483647;
			files = (
				A9AEF6402D79384D008455E9 /* StoreKit.framework in Frameworks */,
				A9579DA72D71B83D00957869 /* SwiftKeychainWrapper in Frameworks */,
				2D119896C52E42CBE4482A87 /* Pods_Privacy_Fortress.framework in Frameworks */,
			);
			runOnlyForDeploymentPostprocessing = 0;
		};
		A9DB1C862D801FD000F583CA /* Frameworks */ = {
			isa = PBXFrameworksBuildPhase;
			buildActionMask = 2147483647;
			files = (
			);
			runOnlyForDeploymentPostprocessing = 0;
		};
/* End PBXFrameworksBuildPhase section */

/* Begin PBXGroup section */
		4E3E21F6B7B1A659F52C1711 /* Pods */ = {
			isa = PBXGroup;
			children = (
				927FC37EB6705739A0B9BCC7 /* Pods-Privacy Fortress.debug.xcconfig */,
				071C6A0E75B2E22FEEEE06E7 /* Pods-Privacy Fortress.release.xcconfig */,
				3770613DA959D7C00F8E87EC /* Pods-PrivacyFortressContentBlocker.debug.xcconfig */,
				A3FCA3DB2CCE37D207A92958 /* Pods-PrivacyFortressContentBlocker.release.xcconfig */,
			);
			path = Pods;
			sourceTree = "<group>";
		};
		A97BEB002D66C87700D14E08 = {
			isa = PBXGroup;
			children = (
				A97BEB0B2D66C87700D14E08 /* Privacy Fortress */,
				A9DB1C8A2D801FD000F583CA /* PrivacyFortressContentBlocker */,
				A97BEB0A2D66C87700D14E08 /* Products */,
				4E3E21F6B7B1A659F52C1711 /* Pods */,
				BF635DF7A83944C9E3CBBE6A /* Frameworks */,
			);
			sourceTree = "<group>";
		};
		A97BEB0A2D66C87700D14E08 /* Products */ = {
			isa = PBXGroup;
			children = (
				A97BEB092D66C87700D14E08 /* Privacy Fortress.app */,
				A9DB1C892D801FD000F583CA /* PrivacyFortressContentBlocker.appex */,
			);
			name = Products;
			sourceTree = "<group>";
		};
		BF635DF7A83944C9E3CBBE6A /* Frameworks */ = {
			isa = PBXGroup;
			children = (
				A9AEF63F2D79384D008455E9 /* StoreKit.framework */,
				A9C08FE92D701AEB0077FAF0 /* HaveIBeenPwned.framework */,
				247983106F7D1F06FAB3092B /* Pods_Privacy_Fortress.framework */,
				CEEE993E9D681FDBB2364147 /* Pods_PrivacyFortressContentBlocker.framework */,
			);
			name = Frameworks;
			sourceTree = "<group>";
		};
/* End PBXGroup section */

/* Begin PBXNativeTarget section */
		A97BEB082D66C87700D14E08 /* Privacy Fortress */ = {
			isa = PBXNativeTarget;
			buildConfigurationList = A97BEB172D66C87700D14E08 /* Build configuration list for PBXNativeTarget "Privacy Fortress" */;
			buildPhases = (
				D5428CFCFBEE13016CF755A5 /* [CP] Check Pods Manifest.lock */,
				A97BEB052D66C87700D14E08 /* Sources */,
				A97BEB062D66C87700D14E08 /* Frameworks */,
				A97BEB072D66C87700D14E08 /* Resources */,
				A9D58C632D6822BD009089F6 /* Embed Foundation Extensions */,
				B97C8AC5F59932EAC1E4E158 /* [CP] Embed Pods Frameworks */,
				7FCFF3566B88CB40AE381FAB /* [CP] Copy Pods Resources */,
			);
			buildRules = (
			);
			dependencies = (
				A9DB1C912D801FD000F583CA /* PBXTargetDependency */,
			);
			fileSystemSynchronizedGroups = (
				A97BEB0B2D66C87700D14E08 /* Privacy Fortress */,
			);
			name = "Privacy Fortress";
			productName = "Privacy Fortress";
			productReference = A97BEB092D66C87700D14E08 /* Privacy Fortress.app */;
			productType = "com.apple.product-type.application";
		};
		A9DB1C882D801FD000F583CA /* PrivacyFortressContentBlocker */ = {
			isa = PBXNativeTarget;
			buildConfigurationList = A9DB1C942D801FD000F583CA /* Build configuration list for PBXNativeTarget "PrivacyFortressContentBlocker" */;
			buildPhases = (
				A9DB1C852D801FD000F583CA /* Sources */,
				A9DB1C862D801FD000F583CA /* Frameworks */,
				A9DB1C872D801FD000F583CA /* Resources */,
			);
			buildRules = (
			);
			dependencies = (
			);
			fileSystemSynchronizedGroups = (
				A9DB1C8A2D801FD000F583CA /* PrivacyFortressContentBlocker */,
			);
			name = PrivacyFortressContentBlocker;
			packageProductDependencies = (
			);
			productName = PrivacyFortressContentBlocker;
			productReference = A9DB1C892D801FD000F583CA /* PrivacyFortressContentBlocker.appex */;
			productType = "com.apple.product-type.app-extension";
		};
/* End PBXNativeTarget section */

/* Begin PBXProject section */
		A97BEB012D66C87700D14E08 /* Project object */ = {
			isa = PBXProject;
			attributes = {
				BuildIndependentTargetsInParallel = 1;
				LastSwiftUpdateCheck = 1620;
				LastUpgradeCheck = 1620;
				TargetAttributes = {
					A97BEB082D66C87700D14E08 = {
						CreatedOnToolsVersion = 16.2;
					};
					A9DB1C882D801FD000F583CA = {
						CreatedOnToolsVersion = 16.2;
					};
				};
			};
			buildConfigurationList = A97BEB042D66C87700D14E08 /* Build configuration list for PBXProject "Privacy Fortress" */;
			developmentRegion = en;
			hasScannedForEncodings = 0;
			knownRegions = (
				en,
				Base,
			);
			mainGroup = A97BEB002D66C87700D14E08;
			minimizedProjectReferenceProxies = 1;
			packageReferences = (
				A9579DA52D71B83D00957869 /* XCRemoteSwiftPackageReference "SwiftKeychainWrapper" */,
				A9946D7E2D7A96EE00931A67 /* XCRemoteSwiftPackageReference "AppsFlyerFramework" */,
			);
			preferredProjectObjectVersion = 77;
			productRefGroup = A97BEB0A2D66C87700D14E08 /* Products */;
			projectDirPath = "";
			projectRoot = "";
			targets = (
				A97BEB082D66C87700D14E08 /* Privacy Fortress */,
				A9DB1C882D801FD000F583CA /* PrivacyFortressContentBlocker */,
			);
		};
/* End PBXProject section */

/* Begin PBXResourcesBuildPhase section */
		A97BEB072D66C87700D14E08 /* Resources */ = {
			isa = PBXResourcesBuildPhase;
			buildActionMask = 2147483647;
			files = (
			);
			runOnlyForDeploymentPostprocessing = 0;
		};
		A9DB1C872D801FD000F583CA /* Resources */ = {
			isa = PBXResourcesBuildPhase;
			buildActionMask = 2147483647;
			files = (
			);
			runOnlyForDeploymentPostprocessing = 0;
		};
/* End PBXResourcesBuildPhase section */

/* Begin PBXShellScriptBuildPhase section */
		7FCFF3566B88CB40AE381FAB /* [CP] Copy Pods Resources */ = {
			isa = PBXShellScriptBuildPhase;
			buildActionMask = 2147483647;
			files = (
			);
			inputFileListPaths = (
				"${PODS_ROOT}/Target Support Files/Pods-Privacy Fortress/Pods-Privacy Fortress-resources-${CONFIGURATION}-input-files.xcfilelist",
			);
			name = "[CP] Copy Pods Resources";
			outputFileListPaths = (
				"${PODS_ROOT}/Target Support Files/Pods-Privacy Fortress/Pods-Privacy Fortress-resources-${CONFIGURATION}-output-files.xcfilelist",
			);
			runOnlyForDeploymentPostprocessing = 0;
			shellPath = /bin/sh;
			shellScript = "\"${PODS_ROOT}/Target Support Files/Pods-Privacy Fortress/Pods-Privacy Fortress-resources.sh\"\n";
			showEnvVarsInLog = 0;
		};
		B97C8AC5F59932EAC1E4E158 /* [CP] Embed Pods Frameworks */ = {
			isa = PBXShellScriptBuildPhase;
			buildActionMask = 2147483647;
			files = (
			);
			inputFileListPaths = (
				"${PODS_ROOT}/Target Support Files/Pods-Privacy Fortress/Pods-Privacy Fortress-frameworks-${CONFIGURATION}-input-files.xcfilelist",
			);
			name = "[CP] Embed Pods Frameworks";
			outputFileListPaths = (
				"${PODS_ROOT}/Target Support Files/Pods-Privacy Fortress/Pods-Privacy Fortress-frameworks-${CONFIGURATION}-output-files.xcfilelist",
			);
			runOnlyForDeploymentPostprocessing = 0;
			shellPath = /bin/sh;
			shellScript = "\"${PODS_ROOT}/Target Support Files/Pods-Privacy Fortress/Pods-Privacy Fortress-frameworks.sh\"\n";
			showEnvVarsInLog = 0;
		};
		D5428CFCFBEE13016CF755A5 /* [CP] Check Pods Manifest.lock */ = {
			isa = PBXShellScriptBuildPhase;
			buildActionMask = 2147483647;
			files = (
			);
			inputFileListPaths = (
			);
			inputPaths = (
				"${PODS_PODFILE_DIR_PATH}/Podfile.lock",
				"${PODS_ROOT}/Manifest.lock",
			);
			name = "[CP] Check Pods Manifest.lock";
			outputFileListPaths = (
			);
			outputPaths = (
				"$(DERIVED_FILE_DIR)/Pods-Privacy Fortress-checkManifestLockResult.txt",
			);
			runOnlyForDeploymentPostprocessing = 0;
			shellPath = /bin/sh;
			shellScript = "diff \"${PODS_PODFILE_DIR_PATH}/Podfile.lock\" \"${PODS_ROOT}/Manifest.lock\" > /dev/null\nif [ $? != 0 ] ; then\n    # print error to STDERR\n    echo \"error: The sandbox is not in sync with the Podfile.lock. Run 'pod install' or update your CocoaPods installation.\" >&2\n    exit 1\nfi\n# This output is used by Xcode 'outputs' to avoid re-running this script phase.\necho \"SUCCESS\" > \"${SCRIPT_OUTPUT_FILE_0}\"\n";
			showEnvVarsInLog = 0;
		};
/* End PBXShellScriptBuildPhase section */

/* Begin PBXSourcesBuildPhase section */
		A97BEB052D66C87700D14E08 /* Sources */ = {
			isa = PBXSourcesBuildPhase;
			buildActionMask = 2147483647;
			files = (
			);
			runOnlyForDeploymentPostprocessing = 0;
		};
		A9DB1C852D801FD000F583CA /* Sources */ = {
			isa = PBXSourcesBuildPhase;
			buildActionMask = 2147483647;
			files = (
			);
			runOnlyForDeploymentPostprocessing = 0;
		};
/* End PBXSourcesBuildPhase section */

/* Begin PBXTargetDependency section */
		A9DB1C912D801FD000F583CA /* PBXTargetDependency */ = {
			isa = PBXTargetDependency;
			target = A9DB1C882D801FD000F583CA /* PrivacyFortressContentBlocker */;
			targetProxy = A9DB1C902D801FD000F583CA /* PBXContainerItemProxy */;
		};
/* End PBXTargetDependency section */

/* Begin XCBuildConfiguration section */
		A97BEB152D66C87700D14E08 /* Debug */ = {
			isa = XCBuildConfiguration;
			buildSettings = {
				ALWAYS_SEARCH_USER_PATHS = NO;
				ASSETCATALOG_COMPILER_GENERATE_SWIFT_ASSET_SYMBOL_EXTENSIONS = YES;
				CLANG_ANALYZER_NONNULL = YES;
				CLANG_ANALYZER_NUMBER_OBJECT_CONVERSION = YES_AGGRESSIVE;
				CLANG_CXX_LANGUAGE_STANDARD = "gnu++20";
				CLANG_ENABLE_MODULES = YES;
				CLANG_ENABLE_OBJC_ARC = YES;
				CLANG_ENABLE_OBJC_WEAK = YES;
				CLANG_WARN_BLOCK_CAPTURE_AUTORELEASING = YES;
				CLANG_WARN_BOOL_CONVERSION = YES;
				CLANG_WARN_COMMA = YES;
				CLANG_WARN_CONSTANT_CONVERSION = YES;
				CLANG_WARN_DEPRECATED_OBJC_IMPLEMENTATIONS = YES;
				CLANG_WARN_DIRECT_OBJC_ISA_USAGE = YES_ERROR;
				CLANG_WARN_DOCUMENTATION_COMMENTS = YES;
				CLANG_WARN_EMPTY_BODY = YES;
				CLANG_WARN_ENUM_CONVERSION = YES;
				CLANG_WARN_INFINITE_RECURSION = YES;
				CLANG_WARN_INT_CONVERSION = YES;
				CLANG_WARN_NON_LITERAL_NULL_CONVERSION = YES;
				CLANG_WARN_OBJC_IMPLICIT_RETAIN_SELF = YES;
				CLANG_WARN_OBJC_LITERAL_CONVERSION = YES;
				CLANG_WARN_OBJC_ROOT_CLASS = YES_ERROR;
				CLANG_WARN_QUOTED_INCLUDE_IN_FRAMEWORK_HEADER = YES;
				CLANG_WARN_RANGE_LOOP_ANALYSIS = YES;
				CLANG_WARN_STRICT_PROTOTYPES = YES;
				CLANG_WARN_SUSPICIOUS_MOVE = YES;
				CLANG_WARN_UNGUARDED_AVAILABILITY = YES_AGGRESSIVE;
				CLANG_WARN_UNREACHABLE_CODE = YES;
				CLANG_WARN__DUPLICATE_METHOD_MATCH = YES;
				COPY_PHASE_STRIP = NO;
				DEBUG_INFORMATION_FORMAT = dwarf;
				ENABLE_STRICT_OBJC_MSGSEND = YES;
				ENABLE_TESTABILITY = YES;
				ENABLE_USER_SCRIPT_SANDBOXING = NO;
				GCC_C_LANGUAGE_STANDARD = gnu17;
				GCC_DYNAMIC_NO_PIC = NO;
				GCC_NO_COMMON_BLOCKS = YES;
				GCC_OPTIMIZATION_LEVEL = 0;
				GCC_PREPROCESSOR_DEFINITIONS = (
					"DEBUG=1",
					"$(inherited)",
				);
				GCC_WARN_64_TO_32_BIT_CONVERSION = YES;
				GCC_WARN_ABOUT_RETURN_TYPE = YES_ERROR;
				GCC_WARN_UNDECLARED_SELECTOR = YES;
				GCC_WARN_UNINITIALIZED_AUTOS = YES_AGGRESSIVE;
				GCC_WARN_UNUSED_FUNCTION = YES;
				GCC_WARN_UNUSED_VARIABLE = YES;
				IPHONEOS_DEPLOYMENT_TARGET = 18.2;
				LOCALIZATION_PREFERS_STRING_CATALOGS = YES;
				MTL_ENABLE_DEBUG_INFO = INCLUDE_SOURCE;
				MTL_FAST_MATH = YES;
				ONLY_ACTIVE_ARCH = YES;
				SDKROOT = iphoneos;
				SWIFT_ACTIVE_COMPILATION_CONDITIONS = "DEBUG $(inherited)";
				SWIFT_OPTIMIZATION_LEVEL = "-Onone";
			};
			name = Debug;
		};
		A97BEB162D66C87700D14E08 /* Release */ = {
			isa = XCBuildConfiguration;
			buildSettings = {
				ALWAYS_SEARCH_USER_PATHS = NO;
				ASSETCATALOG_COMPILER_GENERATE_SWIFT_ASSET_SYMBOL_EXTENSIONS = YES;
				CLANG_ANALYZER_NONNULL = YES;
				CLANG_ANALYZER_NUMBER_OBJECT_CONVERSION = YES_AGGRESSIVE;
				CLANG_CXX_LANGUAGE_STANDARD = "gnu++20";
				CLANG_ENABLE_MODULES = YES;
				CLANG_ENABLE_OBJC_ARC = YES;
				CLANG_ENABLE_OBJC_WEAK = YES;
				CLANG_WARN_BLOCK_CAPTURE_AUTORELEASING = YES;
				CLANG_WARN_BOOL_CONVERSION = YES;
				CLANG_WARN_COMMA = YES;
				CLANG_WARN_CONSTANT_CONVERSION = YES;
				CLANG_WARN_DEPRECATED_OBJC_IMPLEMENTATIONS = YES;
				CLANG_WARN_DIRECT_OBJC_ISA_USAGE = YES_ERROR;
				CLANG_WARN_DOCUMENTATION_COMMENTS = YES;
				CLANG_WARN_EMPTY_BODY = YES;
				CLANG_WARN_ENUM_CONVERSION = YES;
				CLANG_WARN_INFINITE_RECURSION = YES;
				CLANG_WARN_INT_CONVERSION = YES;
				CLANG_WARN_NON_LITERAL_NULL_CONVERSION = YES;
				CLANG_WARN_OBJC_IMPLICIT_RETAIN_SELF = YES;
				CLANG_WARN_OBJC_LITERAL_CONVERSION = YES;
				CLANG_WARN_OBJC_ROOT_CLASS = YES_ERROR;
				CLANG_WARN_QUOTED_INCLUDE_IN_FRAMEWORK_HEADER = YES;
				CLANG_WARN_RANGE_LOOP_ANALYSIS = YES;
				CLANG_WARN_STRICT_PROTOTYPES = YES;
				CLANG_WARN_SUSPICIOUS_MOVE = YES;
				CLANG_WARN_UNGUARDED_AVAILABILITY = YES_AGGRESSIVE;
				CLANG_WARN_UNREACHABLE_CODE = YES;
				CLANG_WARN__DUPLICATE_METHOD_MATCH = YES;
				COPY_PHASE_STRIP = NO;
				DEBUG_INFORMATION_FORMAT = "dwarf-with-dsym";
				ENABLE_NS_ASSERTIONS = NO;
				ENABLE_STRICT_OBJC_MSGSEND = YES;
				ENABLE_USER_SCRIPT_SANDBOXING = NO;
				GCC_C_LANGUAGE_STANDARD = gnu17;
				GCC_NO_COMMON_BLOCKS = YES;
				GCC_WARN_64_TO_32_BIT_CONVERSION = YES;
				GCC_WARN_ABOUT_RETURN_TYPE = YES_ERROR;
				GCC_WARN_UNDECLARED_SELECTOR = YES;
				GCC_WARN_UNINITIALIZED_AUTOS = YES_AGGRESSIVE;
				GCC_WARN_UNUSED_FUNCTION = YES;
				GCC_WARN_UNUSED_VARIABLE = YES;
				IPHONEOS_DEPLOYMENT_TARGET = 18.2;
				LOCALIZATION_PREFERS_STRING_CATALOGS = YES;
				MTL_ENABLE_DEBUG_INFO = NO;
				MTL_FAST_MATH = YES;
				SDKROOT = iphoneos;
				SWIFT_COMPILATION_MODE = wholemodule;
				VALIDATE_PRODUCT = YES;
			};
			name = Release;
		};
		A97BEB182D66C87700D14E08 /* Debug */ = {
			isa = XCBuildConfiguration;
			baseConfigurationReference = 927FC37EB6705739A0B9BCC7 /* Pods-Privacy Fortress.debug.xcconfig */;
			buildSettings = {
				ASSETCATALOG_COMPILER_APPICON_NAME = AppIcon;
				ASSETCATALOG_COMPILER_GLOBAL_ACCENT_COLOR_NAME = AccentColor;
				CODE_SIGN_ENTITLEMENTS = "Privacy Fortress/Privacy Fortress.entitlements";
				CODE_SIGN_STYLE = Automatic;
				CURRENT_PROJECT_VERSION = 1;
				DEVELOPMENT_ASSET_PATHS = "\"Privacy Fortress/Preview Content\"";
				DEVELOPMENT_TEAM = LP9RB8CL2F;
				ENABLE_PREVIEWS = YES;
				GENERATE_INFOPLIST_FILE = YES;
				INFOPLIST_FILE = "Privacy-Fortress-Info.plist";
				INFOPLIST_KEY_CFBundleDisplayName = "Privacy Fortress";
				INFOPLIST_KEY_LSApplicationCategoryType = "public.app-category.utilities";
				INFOPLIST_KEY_NSPhotoLibraryUsageDescription = "We need access to your photo library to select images for your Media Safe";
				INFOPLIST_KEY_UIApplicationSceneManifest_Generation = YES;
				INFOPLIST_KEY_UIApplicationSupportsIndirectInputEvents = YES;
				INFOPLIST_KEY_UILaunchScreen_Generation = YES;
				INFOPLIST_KEY_UISupportedInterfaceOrientations = "UIInterfaceOrientationLandscapeLeft UIInterfaceOrientationLandscapeRight UIInterfaceOrientationPortrait UIInterfaceOrientationPortraitUpsideDown";
				IPHONEOS_DEPLOYMENT_TARGET = 16.6;
				LD_RUNPATH_SEARCH_PATHS = (
					"$(inherited)",
					"@executable_path/Frameworks",
				);
				MARKETING_VERSION = 1.0;
				PRODUCT_BUNDLE_IDENTIFIER = "com.Bridigi.Privacy-Fortress";
				PRODUCT_NAME = "$(TARGET_NAME)";
				SUPPORTED_PLATFORMS = "iphoneos iphonesimulator";
				SUPPORTS_MACCATALYST = NO;
				SUPPORTS_MAC_DESIGNED_FOR_IPHONE_IPAD = NO;
				SUPPORTS_XR_DESIGNED_FOR_IPHONE_IPAD = NO;
				SWIFT_EMIT_LOC_STRINGS = YES;
				SWIFT_VERSION = 5.0;
				TARGETED_DEVICE_FAMILY = "1,2";
			};
			name = Debug;
		};
		A97BEB192D66C87700D14E08 /* Release */ = {
			isa = XCBuildConfiguration;
			baseConfigurationReference = 071C6A0E75B2E22FEEEE06E7 /* Pods-Privacy Fortress.release.xcconfig */;
			buildSettings = {
				ASSETCATALOG_COMPILER_APPICON_NAME = AppIcon;
				ASSETCATALOG_COMPILER_GLOBAL_ACCENT_COLOR_NAME = AccentColor;
				CODE_SIGN_ENTITLEMENTS = "Privacy Fortress/Privacy Fortress.entitlements";
				CODE_SIGN_STYLE = Automatic;
				CURRENT_PROJECT_VERSION = 1;
				DEVELOPMENT_ASSET_PATHS = "\"Privacy Fortress/Preview Content\"";
				DEVELOPMENT_TEAM = LP9RB8CL2F;
				ENABLE_PREVIEWS = YES;
				GENERATE_INFOPLIST_FILE = YES;
				INFOPLIST_FILE = "Privacy-Fortress-Info.plist";
				INFOPLIST_KEY_CFBundleDisplayName = "Privacy Fortress";
				INFOPLIST_KEY_LSApplicationCategoryType = "public.app-category.utilities";
				INFOPLIST_KEY_NSPhotoLibraryUsageDescription = "We need access to your photo library to select images for your Media Safe";
				INFOPLIST_KEY_UIApplicationSceneManifest_Generation = YES;
				INFOPLIST_KEY_UIApplicationSupportsIndirectInputEvents = YES;
				INFOPLIST_KEY_UILaunchScreen_Generation = YES;
				INFOPLIST_KEY_UISupportedInterfaceOrientations = "UIInterfaceOrientationLandscapeLeft UIInterfaceOrientationLandscapeRight UIInterfaceOrientationPortrait UIInterfaceOrientationPortraitUpsideDown";
				IPHONEOS_DEPLOYMENT_TARGET = 16.6;
				LD_RUNPATH_SEARCH_PATHS = (
					"$(inherited)",
					"@executable_path/Frameworks",
				);
				MARKETING_VERSION = 1.0;
				PRODUCT_BUNDLE_IDENTIFIER = "com.Bridigi.Privacy-Fortress";
				PRODUCT_NAME = "$(TARGET_NAME)";
				SUPPORTED_PLATFORMS = "iphoneos iphonesimulator";
				SUPPORTS_MACCATALYST = NO;
				SUPPORTS_MAC_DESIGNED_FOR_IPHONE_IPAD = NO;
				SUPPORTS_XR_DESIGNED_FOR_IPHONE_IPAD = NO;
				SWIFT_EMIT_LOC_STRINGS = YES;
				SWIFT_VERSION = 5.0;
				TARGETED_DEVICE_FAMILY = "1,2";
			};
			name = Release;
		};
		A9DB1C952D801FD000F583CA /* Debug */ = {
			isa = XCBuildConfiguration;
			buildSettings = {
				ARCHS = "$(ARCHS_STANDARD_64_BIT)";
				CODE_SIGN_STYLE = Automatic;
				CURRENT_PROJECT_VERSION = 1;
				DEVELOPMENT_TEAM = LP9RB8CL2F;
				ENABLE_USER_SCRIPT_SANDBOXING = YES;
				GENERATE_INFOPLIST_FILE = YES;
				INFOPLIST_FILE = PrivacyFortressContentBlocker/Info.plist;
				INFOPLIST_KEY_CFBundleDisplayName = PrivacyFortressContentBlocker;
				INFOPLIST_KEY_NSHumanReadableCopyright = "";
				LD_RUNPATH_SEARCH_PATHS = (
					"$(inherited)",
					"@executable_path/Frameworks",
					"@executable_path/../../Frameworks",
				);
				MARKETING_VERSION = 1.0;
				PRODUCT_BUNDLE_IDENTIFIER = "com.Bridigi.Privacy-Fortress.PrivacyFortressContentBlocker";
				PRODUCT_NAME = "$(TARGET_NAME)";
				SKIP_INSTALL = YES;
				SWIFT_EMIT_LOC_STRINGS = YES;
				SWIFT_VERSION = 5.0;
				TARGETED_DEVICE_FAMILY = "1,2";
			};
			name = Debug;
		};
		A9DB1C962D801FD000F583CA /* Release */ = {
			isa = XCBuildConfiguration;
			buildSettings = {
				ARCHS = "$(ARCHS_STANDARD_64_BIT)";
				CODE_SIGN_STYLE = Automatic;
				CURRENT_PROJECT_VERSION = 1;
				DEVELOPMENT_TEAM = LP9RB8CL2F;
				ENABLE_USER_SCRIPT_SANDBOXING = YES;
				GENERATE_INFOPLIST_FILE = YES;
				INFOPLIST_FILE = PrivacyFortressContentBlocker/Info.plist;
				INFOPLIST_KEY_CFBundleDisplayName = PrivacyFortressContentBlocker;
				INFOPLIST_KEY_NSHumanReadableCopyright = "";
				LD_RUNPATH_SEARCH_PATHS = (
					"$(inherited)",
					"@executable_path/Frameworks",
					"@executable_path/../../Frameworks",
				);
				MARKETING_VERSION = 1.0;
				PRODUCT_BUNDLE_IDENTIFIER = "com.Bridigi.Privacy-Fortress.PrivacyFortressContentBlocker";
				PRODUCT_NAME = "$(TARGET_NAME)";
				SKIP_INSTALL = YES;
				SWIFT_EMIT_LOC_STRINGS = YES;
				SWIFT_VERSION = 5.0;
				TARGETED_DEVICE_FAMILY = "1,2";
			};
			name = Release;
		};
/* End XCBuildConfiguration section */

/* Begin XCConfigurationList section */
		A97BEB042D66C87700D14E08 /* Build configuration list for PBXProject "Privacy Fortress" */ = {
			isa = XCConfigurationList;
			buildConfigurations = (
				A97BEB152D66C87700D14E08 /* Debug */,
				A97BEB162D66C87700D14E08 /* Release */,
			);
			defaultConfigurationIsVisible = 0;
			defaultConfigurationName = Release;
		};
		A97BEB172D66C87700D14E08 /* Build configuration list for PBXNativeTarget "Privacy Fortress" */ = {
			isa = XCConfigurationList;
			buildConfigurations = (
				A97BEB182D66C87700D14E08 /* Debug */,
				A97BEB192D66C87700D14E08 /* Release */,
			);
			defaultConfigurationIsVisible = 0;
			defaultConfigurationName = Release;
		};
		A9DB1C942D801FD000F583CA /* Build configuration list for PBXNativeTarget "PrivacyFortressContentBlocker" */ = {
			isa = XCConfigurationList;
			buildConfigurations = (
				A9DB1C952D801FD000F583CA /* Debug */,
				A9DB1C962D801FD000F583CA /* Release */,
			);
			defaultConfigurationIsVisible = 0;
			defaultConfigurationName = Release;
		};
/* End XCConfigurationList section */

/* Begin XCRemoteSwiftPackageReference section */
		A9579DA52D71B83D00957869 /* XCRemoteSwiftPackageReference "SwiftKeychainWrapper" */ = {
			isa = XCRemoteSwiftPackageReference;
			repositoryURL = "https://github.com/jrendel/SwiftKeychainWrapper.git";
			requirement = {
				kind = upToNextMajorVersion;
				minimumVersion = 4.0.1;
			};
		};
		A9946D7E2D7A96EE00931A67 /* XCRemoteSwiftPackageReference "AppsFlyerFramework" */ = {
			isa = XCRemoteSwiftPackageReference;
			repositoryURL = "https://github.com/AppsFlyerSDK/AppsFlyerFramework";
			requirement = {
				kind = upToNextMajorVersion;
				minimumVersion = 6.16.1;
			};
		};
/* End XCRemoteSwiftPackageReference section */

/* Begin XCSwiftPackageProductDependency section */
		A9579DA62D71B83D00957869 /* SwiftKeychainWrapper */ = {
			isa = XCSwiftPackageProductDependency;
			package = A9579DA52D71B83D00957869 /* XCRemoteSwiftPackageReference "SwiftKeychainWrapper" */;
			productName = SwiftKeychainWrapper;
		};
/* End XCSwiftPackageProductDependency section */
	};
	rootObject = A97BEB012D66C87700D14E08 /* Project object */;
}
